
Microsoft Visual Studio Solution File, Format Version 12.00
# Visual Studio 15
VisualStudioVersion = 15.0.28307.136
MinimumVisualStudioVersion = 10.0.40219.1
Project("{FAE04EC0-301F-11D3-BF4B-00C04F79EFBC}") = "ClassLibrary1", "ClassLibrary1\ClassLibrary1.csproj", "{0070C7F4-F619-46B1-854A-5EA4243F0D6C}"
EndProject
Global
	GlobalSection(SolutionConfigurationPlatforms) = preSolution
		Debug|Any CPU = Debug|Any CPU
		Release|Any CPU = Release|Any CPU
	EndGlobalSection
	GlobalSection(ProjectConfigurationPlatforms) = postSolution
		{0070C7F4-F619-46B1-854A-5EA4243F0D6C}.Debug|Any CPU.ActiveCfg = Debug|Any CPU
		{0070C7F4-F619-46B1-854A-5EA4243F0D6C}.Debug|Any CPU.Build.0 = Debug|Any CPU
		{0070C7F4-F619-46B1-854A-5EA4243F0D6C}.Release|Any CPU.ActiveCfg = Release|Any CPU
		{0070C7F4-F619-46B1-854A-5EA4243F0D6C}.Release|Any CPU.Build.0 = Release|Any CPU
	EndGlobalSection
	GlobalSection(SolutionProperties) = preSolution
		HideSolutionNode = FALSE
	EndGlobalSection
	GlobalSection(ExtensibilityGlobals) = postSolution
		SolutionGuid = {2AB004E9-B994-415E-A73C-AC0AECE0BDAC}
	EndGlobalSection
EndGlobal
